version = 1
revision = 3
requires-python = ">=3.10"

[[package]]
name = "csaf2md"
version = "0.1.0"
source = { virtual = "." }
dependencies = [
    { name = "mdutils" },
]

[package.metadata]
requires-dist = [{ name = "mdutils", specifier = "==1.8.1" }]

[[package]]
name = "mdutils"
version = "1.8.1"
source = { registry = "https://pypi.org/simple" }
sdist = { url = "https://files.pythonhosted.org/packages/8a/44/73810a6af37f57ec00f6e480bbb0f24ea1e25e85923025eb8ddabc54fe68/mdutils-1.8.1.tar.gz", hash = "sha256:cdce6bde79822a7fea3c8fd6426cea0acfadd0f94ee3d3ebfa09aa38b561af35", size = 24077, upload-time = "2025-10-18T15:30:14.546Z" }
wheels = [
    { url = "https://files.pythonhosted.org/packages/06/38/f2eeaa5d1c13e64a4dc18b5c6e28b9d5f8b20f5450ba8c3a694e4a78893d/mdutils-1.8.1-py3-none-any.whl", hash = "sha256:3d62d0a4d19fcd68d1daf956d1832f4a598663c73022bd95b09fae69c994b5ac", size = 21656, upload-time = "2025-10-18T15:30:13.129Z" },
]
